{
  "name": "nhsx-website",
  "version": "1.0.0",
  "lockfileVersion": 1,
  "requires": true,
  "dependencies": {
    "accessible-autocomplete": {
      "version": "2.0.2",
      "resolved": "https://registry.npmjs.org/accessible-autocomplete/-/accessible-autocomplete-2.0.2.tgz",
      "integrity": "sha512-cdA4O4u1xmefZuAdtL+0VBnDivdapgIZRQjm0E1bcekHnH5h67Vt1QL79NqPtlAn+6lyrR+H+pbnYVvUOJ1ULQ==",
      "requires": {
        "preact": "8.5.3"
      }
    },
    "nhsuk-frontend": {
      "version": "github:dxw/nhsuk-frontend#ecfaadb04a762967455d071cc74d892c415dd5fc",
      "requires": {
        "accessible-autocomplete": "2.0.2"
      }
    },
    "preact": {
      "version": "8.5.3",
      "resolved": "https://registry.npmjs.org/preact/-/preact-8.5.3.tgz",
      "integrity": "sha512-O3kKP+1YdgqHOFsZF2a9JVdtqD+RPzCQc3rP+Ualf7V6rmRDchZ9MJbiGTT7LuyqFKZqlHSOyO/oMFmI2lVTsw=="
    }
  }
}
