{
  "name": "nhsx-website",
  "version": "1.0.0",
  "lockfileVersion": 1,
  "requires": true,
  "dependencies": {
    "accessible-autocomplete": {
      "version": "2.0.3",
      "resolved": "https://registry.npmjs.org/accessible-autocomplete/-/accessible-autocomplete-2.0.3.tgz",
      "integrity": "sha512-bUswBs/mDH17dUFRAJMTtcGafJ++w1YLPPFjdfJj3lnuBsLpByAw2gmr8qxXX8oc7tzoKS3Ay5FKOPM+WMBxIw==",
      "requires": {
        "preact": "^8.3.1"
      }
    },
    "nhsuk-frontend": {
      "version": "4.1.0",
      "resolved": "https://registry.npmjs.org/nhsuk-frontend/-/nhsuk-frontend-4.1.0.tgz",
      "integrity": "sha512-Qg/2O72XeHkyzMnEV58bvrYb9Wg0QcoTIZgBAa8B0ch6yO0rW+u6tNv3eD2fSkQ8NLBGWVRmdBAXGtcn1xMQZw==",
      "requires": {
        "accessible-autocomplete": "^2.0.3"
      }
    },
    "preact": {
      "version": "8.5.3",
      "resolved": "https://registry.npmjs.org/preact/-/preact-8.5.3.tgz",
      "integrity": "sha512-O3kKP+1YdgqHOFsZF2a9JVdtqD+RPzCQc3rP+Ualf7V6rmRDchZ9MJbiGTT7LuyqFKZqlHSOyO/oMFmI2lVTsw=="
    }
  }
}
